anndata==0.12.6
array-api-compat==1.15.0
click==8.5.0
cloudpickle==3.1.2
contourpy==1.4.0
cycler==0.12.1
donfig==0.8.1.post1
fonttools==4.66.1
formulaic==1.2.2
google-crc32c==1.9.0
h5py==3.15.1
iniconfig==2.3.1
interface_meta==2.0.1
joblib==1.6.0
kiwisolver==1.5.1
legacy-api-wrap==1.5
llvmlite==0.46.0
loompy==3.0.8
matplotlib==3.10.8
msgspec==0.22.0
narwhals==2.26.0
natsort==8.4.0
networkx==3.7
numba==0.63.1
numcodecs==0.17.0
numpy==2.3.5
numpy-groupies==0.12.3
packaging==26.3
pandas==2.3.3
patsy==1.0.3
pillow==12.3.0
pip==25.3
pluggy==1.6.0
Pygments==2.21.0
pynndescent==0.5.13
pyparsing==3.3.3
pytest==9.0.2
python-dateutil==2.9.0.post0
pytz==2026.5
PyYAML==6.0.3
scanpy==1.11.5
scikit-learn==1.8.0
scipy==1.16.3
scvelo==0.3.3
seaborn==0.13.2
session-info2==0.4.2
setuptools==78.1.1
six==1.17.0
statsmodels==0.15.0
threadpoolctl==3.7.0
tqdm==4.67.1
typing_extensions==4.16.0
tzdata==2026.5
umap-learn==0.5.9.post2
wheel==0.45.1
wrapt==2.5.0
zarr==3.4.0
